// !$*UTF8*$!
{
	archiveVersion = 1;
	classes = {
	};
	objectVersion = 48;
	objects = {

/* Begin PBXBuildFile section */
		3203EC092043AD64005071C0 /* CardViewerViewController.swift in Sources */ = {isa = PBXBuildFile; fileRef = 3203EC082043AD64005071C0 /* CardViewerViewController.swift */; };
		3203EC0B2043ADF9005071C0 /* FlippableTextView.swift in Sources */ = {isa = PBXBuildFile; fileRef = 3203EC0A2043ADF9005071C0 /* FlippableTextView.swift */; };
		3203EC0D2043AFEA005071C0 /* UIStackView+Helpers.swift in Sources */ = {isa = PBXBuildFile; fileRef = 3203EC0C2043AFEA005071C0 /* UIStackView+Helpers.swift */; };
		3203EC102043B3F2005071C0 /* Anchorage.framework in Embed Frameworks */ = {isa = PBXBuildFile; fileRef = 3203EC0E2043B3E8005071C0 /* Anchorage.framework */; settings = {ATTRIBUTES = (CodeSignOnCopy, RemoveHeadersOnCopy, ); }; };
		3203EC112043B3F8005071C0 /* Anchorage.framework in Frameworks */ = {isa = PBXBuildFile; fileRef = 3203EC0E2043B3E8005071C0 /* Anchorage.framework */; };
		3211073B2055DA3400BED703 /* Swiftification.framework in Frameworks */ = {isa = PBXBuildFile; fileRef = 321107392055DA2A00BED703 /* Swiftification.framework */; };
		3211073C2055DA3400BED703 /* Swiftification.framework in Embed Frameworks */ = {isa = PBXBuildFile; fileRef = 321107392055DA2A00BED703 /* Swiftification.framework */; settings = {ATTRIBUTES = (CodeSignOnCopy, RemoveHeadersOnCopy, ); }; };
		3211073E2055DADC00BED703 /* StatsViewModelTests.swift in Sources */ = {isa = PBXBuildFile; fileRef = 3211073D2055DADC00BED703 /* StatsViewModelTests.swift */; };
		3211FCF9204EDA8600B38B72 /* cards.json in Resources */ = {isa = PBXBuildFile; fileRef = 3211FCF8204EDA8600B38B72 /* cards.json */; };
		323186FD20742B4800F52046 /* SettingsController.swift in Sources */ = {isa = PBXBuildFile; fileRef = 323186FC20742B4800F52046 /* SettingsController.swift */; };
		323186FF20742FBA00F52046 /* CardsPerDayCell.swift in Sources */ = {isa = PBXBuildFile; fileRef = 323186FE20742FBA00F52046 /* CardsPerDayCell.swift */; };
		324F44A5205D64B2004F5B16 /* StatCell.swift in Sources */ = {isa = PBXBuildFile; fileRef = 324F44A4205D64B2004F5B16 /* StatCell.swift */; };
		32513CB720558881007D4A22 /* StatsViewModel.swift in Sources */ = {isa = PBXBuildFile; fileRef = 32513CB620558881007D4A22 /* StatsViewModel.swift */; };
		325E10D520A0953600593C03 /* ReviewViewModelTests.swift in Sources */ = {isa = PBXBuildFile; fileRef = 325E10D420A0953600593C03 /* ReviewViewModelTests.swift */; };
		3262EB8D2067EBB00035F28D /* Stats.swift in Sources */ = {isa = PBXBuildFile; fileRef = 3262EB8C2067EBB00035F28D /* Stats.swift */; };
		3262EB8F2067EBBB0035F28D /* StatsInfo.swift in Sources */ = {isa = PBXBuildFile; fileRef = 3262EB8E2067EBBB0035F28D /* StatsInfo.swift */; };
		3280278D20B1B8180038C6E8 /* Date+Helpers.swift in Sources */ = {isa = PBXBuildFile; fileRef = 3280278C20B1B8180038C6E8 /* Date+Helpers.swift */; };
		3280278F20B1B86A0038C6E8 /* DateHelperTests.swift in Sources */ = {isa = PBXBuildFile; fileRef = 3280278E20B1B86A0038C6E8 /* DateHelperTests.swift */; };
		32B13429209E46EA00E32B8F /* ReviewViewModel.swift in Sources */ = {isa = PBXBuildFile; fileRef = 32B13428209E46EA00E32B8F /* ReviewViewModel.swift */; };
		32B1342B209E480100E32B8F /* UndoObject.swift in Sources */ = {isa = PBXBuildFile; fileRef = 32B1342A209E480100E32B8F /* UndoObject.swift */; };
		32DBBFFF2040C49300D14A31 /* Card.swift in Sources */ = {isa = PBXBuildFile; fileRef = 32DBBFFE2040C49300D14A31 /* Card.swift */; };
		32DBC0012040C68C00D14A31 /* UserDataController.swift in Sources */ = {isa = PBXBuildFile; fileRef = 32DBC0002040C68C00D14A31 /* UserDataController.swift */; };
		32EAE316205EB51C00C1D40B /* CardModelTests.swift in Sources */ = {isa = PBXBuildFile; fileRef = 32EAE315205EB51C00C1D40B /* CardModelTests.swift */; };
		36393A0E2009324C00C95347 /* AppDelegate.swift in Sources */ = {isa = PBXBuildFile; fileRef = 36393A0D2009324C00C95347 /* AppDelegate.swift */; };
		36393A152009324C00C95347 /* Assets.xcassets in Resources */ = {isa = PBXBuildFile; fileRef = 36393A142009324C00C95347 /* Assets.xcassets */; };
		36393A182009324C00C95347 /* LaunchScreen.storyboard in Resources */ = {isa = PBXBuildFile; fileRef = 36393A162009324C00C95347 /* LaunchScreen.storyboard */; };
		36393A232009324C00C95347 /* UserDataTests.swift in Sources */ = {isa = PBXBuildFile; fileRef = 36393A222009324C00C95347 /* UserDataTests.swift */; };
		36393A2E2009324D00C95347 /* MemorizeUITests.swift in Sources */ = {isa = PBXBuildFile; fileRef = 36393A2D2009324D00C95347 /* MemorizeUITests.swift */; };
		36393A4D2009537400C95347 /* Reactor.framework in Frameworks */ = {isa = PBXBuildFile; fileRef = 36393A482009536900C95347 /* Reactor.framework */; };
		36393A4E2009537400C95347 /* Reactor.framework in Embed Frameworks */ = {isa = PBXBuildFile; fileRef = 36393A482009536900C95347 /* Reactor.framework */; settings = {ATTRIBUTES = (CodeSignOnCopy, RemoveHeadersOnCopy, ); }; };
		36393A4F2009537400C95347 /* RxSwift.framework in Frameworks */ = {isa = PBXBuildFile; fileRef = 36393A472009536900C95347 /* RxSwift.framework */; };
		36393A502009537400C95347 /* RxSwift.framework in Embed Frameworks */ = {isa = PBXBuildFile; fileRef = 36393A472009536900C95347 /* RxSwift.framework */; settings = {ATTRIBUTES = (CodeSignOnCopy, RemoveHeadersOnCopy, ); }; };
		36393A512009537400C95347 /* SQLite.framework in Frameworks */ = {isa = PBXBuildFile; fileRef = 36393A492009536900C95347 /* SQLite.framework */; };
		36393A522009537400C95347 /* SQLite.framework in Embed Frameworks */ = {isa = PBXBuildFile; fileRef = 36393A492009536900C95347 /* SQLite.framework */; settings = {ATTRIBUTES = (CodeSignOnCopy, RemoveHeadersOnCopy, ); }; };
		36393A562009584E00C95347 /* AppCoordinator.swift in Sources */ = {isa = PBXBuildFile; fileRef = 36393A552009584E00C95347 /* AppCoordinator.swift */; };
		36393A58200958F200C95347 /* ReviewViewController.swift in Sources */ = {isa = PBXBuildFile; fileRef = 36393A57200958F200C95347 /* ReviewViewController.swift */; };
		36393A982009758D00C95347 /* CardsViewController.swift in Sources */ = {isa = PBXBuildFile; fileRef = 36393A972009758D00C95347 /* CardsViewController.swift */; };
		36393A9A200976E200C95347 /* StatsViewController.swift in Sources */ = {isa = PBXBuildFile; fileRef = 36393A99200976E200C95347 /* StatsViewController.swift */; };
		36393A9C2009771300C95347 /* SettingsViewController.swift in Sources */ = {isa = PBXBuildFile; fileRef = 36393A9B2009771300C95347 /* SettingsViewController.swift */; };
/* End PBXBuildFile section */

/* Begin PBXContainerItemProxy section */
		36393A1F2009324C00C95347 /* PBXContainerItemProxy */ = {
			isa = PBXContainerItemProxy;
			containerPortal = 36393A022009324C00C95347 /* Project object */;
			proxyType = 1;
			remoteGlobalIDString = 36393A092009324C00C95347;
			remoteInfo = Memorize;
		};
		36393A2A2009324D00C95347 /* PBXContainerItemProxy */ = {
			isa = PBXContainerItemProxy;
			containerPortal = 36393A022009324C00C95347 /* Project object */;
			proxyType = 1;
			remoteGlobalIDString = 36393A092009324C00C95347;
			remoteInfo = Memorize;
		};
/* End PBXContainerItemProxy section */

/* Begin PBXCopyFilesBuildPhase section */
		36393A532009537400C95347 /* Embed Frameworks */ = {
			isa = PBXCopyFilesBuildPhase;
			buildActionMask = 2147483647;
			dstPath = "";
			dstSubfolderSpec = 10;
			files = (
				36393A502009537400C95347 /* RxSwift.framework in Embed Frameworks */,
				36393A4E2009537400C95347 /* Reactor.framework in Embed Frameworks */,
				36393A522009537400C95347 /* SQLite.framework in Embed Frameworks */,
				3211073C2055DA3400BED703 /* Swiftification.framework in Embed Frameworks */,
				3203EC102043B3F2005071C0 /* Anchorage.framework in Embed Frameworks */,
			);
			name = "Embed Frameworks";
			runOnlyForDeploymentPostprocessing = 0;
		};
/* End PBXCopyFilesBuildPhase section */

/* Begin PBXFileReference section */
		3203EC082043AD64005071C0 /* CardViewerViewController.swift */ = {isa = PBXFileReference; lastKnownFileType = sourcecode.swift; path = CardViewerViewController.swift; sourceTree = "<group>"; };
		3203EC0A2043ADF9005071C0 /* FlippableTextView.swift */ = {isa = PBXFileReference; lastKnownFileType = sourcecode.swift; path = FlippableTextView.swift; sourceTree = "<group>"; };
		3203EC0C2043AFEA005071C0 /* UIStackView+Helpers.swift */ = {isa = PBXFileReference; lastKnownFileType = sourcecode.swift; path = "UIStackView+Helpers.swift"; sourceTree = "<group>"; };
		3203EC0E2043B3E8005071C0 /* Anchorage.framework */ = {isa = PBXFileReference; lastKnownFileType = wrapper.framework; name = Anchorage.framework; path = Carthage/Build/iOS/Anchorage.framework; sourceTree = "<group>"; };
		321107392055DA2A00BED703 /* Swiftification.framework */ = {isa = PBXFileReference; lastKnownFileType = wrapper.framework; name = Swiftification.framework; path = Carthage/Build/iOS/Swiftification.framework; sourceTree = "<group>"; };
		3211073D2055DADC00BED703 /* StatsViewModelTests.swift */ = {isa = PBXFileReference; lastKnownFileType = sourcecode.swift; path = StatsViewModelTests.swift; sourceTree = "<group>"; };
		3211FCF8204EDA8600B38B72 /* cards.json */ = {isa = PBXFileReference; fileEncoding = 4; lastKnownFileType = text.json; path = cards.json; sourceTree = "<group>"; };
		323186FC20742B4800F52046 /* SettingsController.swift */ = {isa = PBXFileReference; lastKnownFileType = sourcecode.swift; path = SettingsController.swift; sourceTree = "<group>"; };
		323186FE20742FBA00F52046 /* CardsPerDayCell.swift */ = {isa = PBXFileReference; lastKnownFileType = sourcecode.swift; path = CardsPerDayCell.swift; sourceTree = "<group>"; };
		324F44A4205D64B2004F5B16 /* StatCell.swift */ = {isa = PBXFileReference; lastKnownFileType = sourcecode.swift; path = StatCell.swift; sourceTree = "<group>"; };
		32513CB620558881007D4A22 /* StatsViewModel.swift */ = {isa = PBXFileReference; lastKnownFileType = sourcecode.swift; path = StatsViewModel.swift; sourceTree = "<group>"; };
		325E10D420A0953600593C03 /* ReviewViewModelTests.swift */ = {isa = PBXFileReference; lastKnownFileType = sourcecode.swift; path = ReviewViewModelTests.swift; sourceTree = "<group>"; };
		3262EB8C2067EBB00035F28D /* Stats.swift */ = {isa = PBXFileReference; lastKnownFileType = sourcecode.swift; path = Stats.swift; sourceTree = "<group>"; };
		3262EB8E2067EBBB0035F28D /* StatsInfo.swift */ = {isa = PBXFileReference; lastKnownFileType = sourcecode.swift; path = StatsInfo.swift; sourceTree = "<group>"; };
		3280278C20B1B8180038C6E8 /* Date+Helpers.swift */ = {isa = PBXFileReference; lastKnownFileType = sourcecode.swift; path = "Date+Helpers.swift"; sourceTree = "<group>"; };
		3280278E20B1B86A0038C6E8 /* DateHelperTests.swift */ = {isa = PBXFileReference; lastKnownFileType = sourcecode.swift; path = DateHelperTests.swift; sourceTree = "<group>"; };
		32B13428209E46EA00E32B8F /* ReviewViewModel.swift */ = {isa = PBXFileReference; lastKnownFileType = sourcecode.swift; path = ReviewViewModel.swift; sourceTree = "<group>"; };
		32B1342A209E480100E32B8F /* UndoObject.swift */ = {isa = PBXFileReference; lastKnownFileType = sourcecode.swift; path = UndoObject.swift; sourceTree = "<group>"; };
		32DBBFFE2040C49300D14A31 /* Card.swift */ = {isa = PBXFileReference; lastKnownFileType = sourcecode.swift; path = Card.swift; sourceTree = "<group>"; };
		32DBC0002040C68C00D14A31 /* UserDataController.swift */ = {isa = PBXFileReference; lastKnownFileType = sourcecode.swift; path = UserDataController.swift; sourceTree = "<group>"; };
		32EAE315205EB51C00C1D40B /* CardModelTests.swift */ = {isa = PBXFileReference; lastKnownFileType = sourcecode.swift; path = CardModelTests.swift; sourceTree = "<group>"; };
		36393A0A2009324C00C95347 /* Memorize.app */ = {isa = PBXFileReference; explicitFileType = wrapper.application; includeInIndex = 0; path = Memorize.app; sourceTree = BUILT_PRODUCTS_DIR; };
		36393A0D2009324C00C95347 /* AppDelegate.swift */ = {isa = PBXFileReference; lastKnownFileType = sourcecode.swift; path = AppDelegate.swift; sourceTree = "<group>"; };
		36393A142009324C00C95347 /* Assets.xcassets */ = {isa = PBXFileReference; lastKnownFileType = folder.assetcatalog; path = Assets.xcassets; sourceTree = "<group>"; };
		36393A172009324C00C95347 /* Base */ = {isa = PBXFileReference; lastKnownFileType = file.storyboard; name = Base; path = Base.lproj/LaunchScreen.storyboard; sourceTree = "<group>"; };
		36393A192009324C00C95347 /* Info.plist */ = {isa = PBXFileReference; lastKnownFileType = text.plist.xml; path = Info.plist; sourceTree = "<group>"; };
		36393A1E2009324C00C95347 /* MemorizeTests.xctest */ = {isa = PBXFileReference; explicitFileType = wrapper.cfbundle; includeInIndex = 0; path = MemorizeTests.xctest; sourceTree = BUILT_PRODUCTS_DIR; };
		36393A222009324C00C95347 /* UserDataTests.swift */ = {isa = PBXFileReference; lastKnownFileType = sourcecode.swift; path = UserDataTests.swift; sourceTree = "<group>"; };
		36393A242009324D00C95347 /* Info.plist */ = {isa = PBXFileReference; lastKnownFileType = text.plist.xml; path = Info.plist; sourceTree = "<group>"; };
		36393A292009324D00C95347 /* MemorizeUITests.xctest */ = {isa = PBXFileReference; explicitFileType = wrapper.cfbundle; includeInIndex = 0; path = MemorizeUITests.xctest; sourceTree = BUILT_PRODUCTS_DIR; };
		36393A2D2009324D00C95347 /* MemorizeUITests.swift */ = {isa = PBXFileReference; lastKnownFileType = sourcecode.swift; path = MemorizeUITests.swift; sourceTree = "<group>"; };
		36393A2F2009324D00C95347 /* Info.plist */ = {isa = PBXFileReference; lastKnownFileType = text.plist.xml; path = Info.plist; sourceTree = "<group>"; };
		36393A472009536900C95347 /* RxSwift.framework */ = {isa = PBXFileReference; lastKnownFileType = wrapper.framework; name = RxSwift.framework; path = Carthage/Build/iOS/RxSwift.framework; sourceTree = "<group>"; };
		36393A482009536900C95347 /* Reactor.framework */ = {isa = PBXFileReference; lastKnownFileType = wrapper.framework; name = Reactor.framework; path = Carthage/Build/iOS/Reactor.framework; sourceTree = "<group>"; };
		36393A492009536900C95347 /* SQLite.framework */ = {isa = PBXFileReference; lastKnownFileType = wrapper.framework; name = SQLite.framework; path = Carthage/Build/iOS/SQLite.framework; sourceTree = "<group>"; };
		36393A552009584E00C95347 /* AppCoordinator.swift */ = {isa = PBXFileReference; lastKnownFileType = sourcecode.swift; path = AppCoordinator.swift; sourceTree = "<group>"; };
		36393A57200958F200C95347 /* ReviewViewController.swift */ = {isa = PBXFileReference; lastKnownFileType = sourcecode.swift; path = ReviewViewController.swift; sourceTree = "<group>"; };
		36393A972009758D00C95347 /* CardsViewController.swift */ = {isa = PBXFileReference; lastKnownFileType = sourcecode.swift; path = CardsViewController.swift; sourceTree = "<group>"; };
		36393A99200976E200C95347 /* StatsViewController.swift */ = {isa = PBXFileReference; lastKnownFileType = sourcecode.swift; path = StatsViewController.swift; sourceTree = "<group>"; };
		36393A9B2009771300C95347 /* SettingsViewController.swift */ = {isa = PBXFileReference; lastKnownFileType = sourcecode.swift; path = SettingsViewController.swift; sourceTree = "<group>"; };
		363CC8D9214ADF81000654A5 /* Frameworks.xcconfig */ = {isa = PBXFileReference; fileEncoding = 4; lastKnownFileType = text.xcconfig; path = Frameworks.xcconfig; sourceTree = "<group>"; };
/* End PBXFileReference section */

/* Begin PBXFrameworksBuildPhase section */
		36393A072009324C00C95347 /* Frameworks */ = {
			isa = PBXFrameworksBuildPhase;
			buildActionMask = 2147483647;
			files = (
				3203EC112043B3F8005071C0 /* Anchorage.framework in Frameworks */,
				36393A4F2009537400C95347 /* RxSwift.framework in Frameworks */,
				36393A4D2009537400C95347 /* Reactor.framework in Frameworks */,
				3211073B2055DA3400BED703 /* Swiftification.framework in Frameworks */,
				36393A512009537400C95347 /* SQLite.framework in Frameworks */,
			);
			runOnlyForDeploymentPostprocessing = 0;
		};
		36393A1B2009324C00C95347 /* Frameworks */ = {
			isa = PBXFrameworksBuildPhase;
			buildActionMask = 2147483647;
			files = (
			);
			runOnlyForDeploymentPostprocessing = 0;
		};
		36393A262009324D00C95347 /* Frameworks */ = {
			isa = PBXFrameworksBuildPhase;
			buildActionMask = 2147483647;
			files = (
			);
			runOnlyForDeploymentPostprocessing = 0;
		};
/* End PBXFrameworksBuildPhase section */

/* Begin PBXGroup section */
		36393A012009324C00C95347 = {
			isa = PBXGroup;
			children = (
				363CC8D9214ADF81000654A5 /* Frameworks.xcconfig */,
				36393A0C2009324C00C95347 /* Memorize */,
				36393A212009324C00C95347 /* MemorizeTests */,
				36393A2C2009324D00C95347 /* MemorizeUITests */,
				36393A0B2009324C00C95347 /* Products */,
				36393A462009536900C95347 /* Frameworks */,
			);
			sourceTree = "<group>";
		};
		36393A0B2009324C00C95347 /* Products */ = {
			isa = PBXGroup;
			children = (
				36393A0A2009324C00C95347 /* Memorize.app */,
				36393A1E2009324C00C95347 /* MemorizeTests.xctest */,
				36393A292009324D00C95347 /* MemorizeUITests.xctest */,
			);
			name = Products;
			sourceTree = "<group>";
		};
		36393A0C2009324C00C95347 /* Memorize */ = {
			isa = PBXGroup;
			children = (
				36393A0D2009324C00C95347 /* AppDelegate.swift */,
				36393A142009324C00C95347 /* Assets.xcassets */,
				36393A162009324C00C95347 /* LaunchScreen.storyboard */,
				36393A192009324C00C95347 /* Info.plist */,
				36393A552009584E00C95347 /* AppCoordinator.swift */,
				36393A57200958F200C95347 /* ReviewViewController.swift */,
				32B13428209E46EA00E32B8F /* ReviewViewModel.swift */,
				36393A972009758D00C95347 /* CardsViewController.swift */,
				36393A99200976E200C95347 /* StatsViewController.swift */,
				324F44A4205D64B2004F5B16 /* StatCell.swift */,
				32513CB620558881007D4A22 /* StatsViewModel.swift */,
				3262EB8C2067EBB00035F28D /* Stats.swift */,
				3262EB8E2067EBBB0035F28D /* StatsInfo.swift */,
				36393A9B2009771300C95347 /* SettingsViewController.swift */,
				323186FE20742FBA00F52046 /* CardsPerDayCell.swift */,
				32DBBFFE2040C49300D14A31 /* Card.swift */,
				32DBC0002040C68C00D14A31 /* UserDataController.swift */,
				32B1342A209E480100E32B8F /* UndoObject.swift */,
				323186FC20742B4800F52046 /* SettingsController.swift */,
				3203EC082043AD64005071C0 /* CardViewerViewController.swift */,
				3203EC0A2043ADF9005071C0 /* FlippableTextView.swift */,
				3203EC0C2043AFEA005071C0 /* UIStackView+Helpers.swift */,
				3280278C20B1B8180038C6E8 /* Date+Helpers.swift */,
				3211FCF8204EDA8600B38B72 /* cards.json */,
			);
			path = Memorize;
			sourceTree = "<group>";
		};
		36393A212009324C00C95347 /* MemorizeTests */ = {
			isa = PBXGroup;
			children = (
				32EAE315205EB51C00C1D40B /* CardModelTests.swift */,
				36393A222009324C00C95347 /* UserDataTests.swift */,
				3211073D2055DADC00BED703 /* StatsViewModelTests.swift */,
				325E10D420A0953600593C03 /* ReviewViewModelTests.swift */,
				3280278E20B1B86A0038C6E8 /* DateHelperTests.swift */,
				36393A242009324D00C95347 /* Info.plist */,
			);
			path = MemorizeTests;
			sourceTree = "<group>";
		};
		36393A2C2009324D00C95347 /* MemorizeUITests */ = {
			isa = PBXGroup;
			children = (
				36393A2D2009324D00C95347 /* MemorizeUITests.swift */,
				36393A2F2009324D00C95347 /* Info.plist */,
			);
			path = MemorizeUITests;
			sourceTree = "<group>";
		};
		36393A462009536900C95347 /* Frameworks */ = {
			isa = PBXGroup;
			children = (
				321107392055DA2A00BED703 /* Swiftification.framework */,
				3203EC0E2043B3E8005071C0 /* Anchorage.framework */,
				36393A482009536900C95347 /* Reactor.framework */,
				36393A472009536900C95347 /* RxSwift.framework */,
				36393A492009536900C95347 /* SQLite.framework */,
			);
			name = Frameworks;
			sourceTree = "<group>";
		};
/* End PBXGroup section */

/* Begin PBXNativeTarget section */
		36393A092009324C00C95347 /* Memorize */ = {
			isa = PBXNativeTarget;
			buildConfigurationList = 36393A322009324D00C95347 /* Build configuration list for PBXNativeTarget "Memorize" */;
			buildPhases = (
				36393A062009324C00C95347 /* Sources */,
				36393A072009324C00C95347 /* Frameworks */,
				36393A082009324C00C95347 /* Resources */,
				36393A532009537400C95347 /* Embed Frameworks */,
				36393A542009537A00C95347 /* ShellScript */,
			);
			buildRules = (
			);
			dependencies = (
			);
			name = Memorize;
			productName = Memorize;
			productReference = 36393A0A2009324C00C95347 /* Memorize.app */;
			productType = "com.apple.product-type.application";
		};
		36393A1D2009324C00C95347 /* MemorizeTests */ = {
			isa = PBXNativeTarget;
			buildConfigurationList = 36393A352009324D00C95347 /* Build configuration list for PBXNativeTarget "MemorizeTests" */;
			buildPhases = (
				36393A1A2009324C00C95347 /* Sources */,
				36393A1B2009324C00C95347 /* Frameworks */,
				36393A1C2009324C00C95347 /* Resources */,
			);
			buildRules = (
			);
			dependencies = (
				36393A202009324C00C95347 /* PBXTargetDependency */,
			);
			name = MemorizeTests;
			productName = MemorizeTests;
			productReference = 36393A1E2009324C00C95347 /* MemorizeTests.xctest */;
			productType = "com.apple.product-type.bundle.unit-test";
		};
		36393A282009324D00C95347 /* MemorizeUITests */ = {
			isa = PBXNativeTarget;
			buildConfigurationList = 36393A382009324D00C95347 /* Build configuration list for PBXNativeTarget "MemorizeUITests" */;
			buildPhases = (
				36393A252009324D00C95347 /* Sources */,
				36393A262009324D00C95347 /* Frameworks */,
				36393A272009324D00C95347 /* Resources */,
			);
			buildRules = (
			);
			dependencies = (
				36393A2B2009324D00C95347 /* PBXTargetDependency */,
			);
			name = MemorizeUITests;
			productName = MemorizeUITests;
			productReference = 36393A292009324D00C95347 /* MemorizeUITests.xctest */;
			productType = "com.apple.product-type.bundle.ui-testing";
		};
/* End PBXNativeTarget section */

/* Begin PBXProject section */
		36393A022009324C00C95347 /* Project object */ = {
			isa = PBXProject;
			attributes = {
				LastSwiftUpdateCheck = 0920;
				LastUpgradeCheck = 0930;
				TargetAttributes = {
					36393A092009324C00C95347 = {
						CreatedOnToolsVersion = 9.2;
						ProvisioningStyle = Automatic;
					};
					36393A1D2009324C00C95347 = {
						CreatedOnToolsVersion = 9.2;
						ProvisioningStyle = Automatic;
						TestTargetID = 36393A092009324C00C95347;
					};
					36393A282009324D00C95347 = {
						CreatedOnToolsVersion = 9.2;
						ProvisioningStyle = Automatic;
						TestTargetID = 36393A092009324C00C95347;
					};
				};
			};
			buildConfigurationList = 36393A052009324C00C95347 /* Build configuration list for PBXProject "Memorize" */;
			compatibilityVersion = "Xcode 8.0";
			developmentRegion = en;
			hasScannedForEncodings = 0;
			knownRegions = (
				en,
				Base,
			);
			mainGroup = 36393A012009324C00C95347;
			productRefGroup = 36393A0B2009324C00C95347 /* Products */;
			projectDirPath = "";
			projectRoot = "";
			targets = (
				36393A092009324C00C95347 /* Memorize */,
				36393A1D2009324C00C95347 /* MemorizeTests */,
				36393A282009324D00C95347 /* MemorizeUITests */,
			);
		};
/* End PBXProject section */

/* Begin PBXResourcesBuildPhase section */
		36393A082009324C00C95347 /* Resources */ = {
			isa = PBXResourcesBuildPhase;
			buildActionMask = 2147483647;
			files = (
				3211FCF9204EDA8600B38B72 /* cards.json in Resources */,
				36393A182009324C00C95347 /* LaunchScreen.storyboard in Resources */,
				36393A152009324C00C95347 /* Assets.xcassets in Resources */,
			);
			runOnlyForDeploymentPostprocessing = 0;
		};
		36393A1C2009324C00C95347 /* Resources */ = {
			isa = PBXResourcesBuildPhase;
			buildActionMask = 2147483647;
			files = (
			);
			runOnlyForDeploymentPostprocessing = 0;
		};
		36393A272009324D00C95347 /* Resources */ = {
			isa = PBXResourcesBuildPhase;
			buildActionMask = 2147483647;
			files = (
			);
			runOnlyForDeploymentPostprocessing = 0;
		};
/* End PBXResourcesBuildPhase section */

/* Begin PBXShellScriptBuildPhase section */
		36393A542009537A00C95347 /* ShellScript */ = {
			isa = PBXShellScriptBuildPhase;
			buildActionMask = 2147483647;
			files = (
			);
			inputPaths = (
			);
			outputPaths = (
			);
			runOnlyForDeploymentPostprocessing = 0;
			shellPath = /bin/sh;
			shellScript = "Carthage/Checkouts/ios-tools/scripts/copy-carthage-frameworks";
		};
/* End PBXShellScriptBuildPhase section */

/* Begin PBXSourcesBuildPhase section */
		36393A062009324C00C95347 /* Sources */ = {
			isa = PBXSourcesBuildPhase;
			buildActionMask = 2147483647;
			files = (
				323186FF20742FBA00F52046 /* CardsPerDayCell.swift in Sources */,
				32B1342B209E480100E32B8F /* UndoObject.swift in Sources */,
				32DBC0012040C68C00D14A31 /* UserDataController.swift in Sources */,
				3262EB8F2067EBBB0035F28D /* StatsInfo.swift in Sources */,
				36393A982009758D00C95347 /* CardsViewController.swift in Sources */,
				36393A562009584E00C95347 /* AppCoordinator.swift in Sources */,
				3262EB8D2067EBB00035F28D /* Stats.swift in Sources */,
				32DBBFFF2040C49300D14A31 /* Card.swift in Sources */,
				36393A58200958F200C95347 /* ReviewViewController.swift in Sources */,
				3280278D20B1B8180038C6E8 /* Date+Helpers.swift in Sources */,
				36393A9A200976E200C95347 /* StatsViewController.swift in Sources */,
				323186FD20742B4800F52046 /* SettingsController.swift in Sources */,
				32B13429209E46EA00E32B8F /* ReviewViewModel.swift in Sources */,
				324F44A5205D64B2004F5B16 /* StatCell.swift in Sources */,
				36393A0E2009324C00C95347 /* AppDelegate.swift in Sources */,
				3203EC0B2043ADF9005071C0 /* FlippableTextView.swift in Sources */,
				3203EC0D2043AFEA005071C0 /* UIStackView+Helpers.swift in Sources */,
				3203EC092043AD64005071C0 /* CardViewerViewController.swift in Sources */,
				32513CB720558881007D4A22 /* StatsViewModel.swift in Sources */,
				36393A9C2009771300C95347 /* SettingsViewController.swift in Sources */,
			);
			runOnlyForDeploymentPostprocessing = 0;
		};
		36393A1A2009324C00C95347 /* Sources */ = {
			isa = PBXSourcesBuildPhase;
			buildActionMask = 2147483647;
			files = (
				32EAE316205EB51C00C1D40B /* CardModelTests.swift in Sources */,
				3211073E2055DADC00BED703 /* StatsViewModelTests.swift in Sources */,
				325E10D520A0953600593C03 /* ReviewViewModelTests.swift in Sources */,
				36393A232009324C00C95347 /* UserDataTests.swift in Sources */,
				3280278F20B1B86A0038C6E8 /* DateHelperTests.swift in Sources */,
			);
			runOnlyForDeploymentPostprocessing = 0;
		};
		36393A252009324D00C95347 /* Sources */ = {
			isa = PBXSourcesBuildPhase;
			buildActionMask = 2147483647;
			files = (
				36393A2E2009324D00C95347 /* MemorizeUITests.swift in Sources */,
			);
			runOnlyForDeploymentPostprocessing = 0;
		};
/* End PBXSourcesBuildPhase section */

/* Begin PBXTargetDependency section */
		36393A202009324C00C95347 /* PBXTargetDependency */ = {
			isa = PBXTargetDependency;
			target = 36393A092009324C00C95347 /* Memorize */;
			targetProxy = 36393A1F2009324C00C95347 /* PBXContainerItemProxy */;
		};
		36393A2B2009324D00C95347 /* PBXTargetDependency */ = {
			isa = PBXTargetDependency;
			target = 36393A092009324C00C95347 /* Memorize */;
			targetProxy = 36393A2A2009324D00C95347 /* PBXContainerItemProxy */;
		};
/* End PBXTargetDependency section */

/* Begin PBXVariantGroup section */
		36393A162009324C00C95347 /* LaunchScreen.storyboard */ = {
			isa = PBXVariantGroup;
			children = (
				36393A172009324C00C95347 /* Base */,
			);
			name = LaunchScreen.storyboard;
			sourceTree = "<group>";
		};
/* End PBXVariantGroup section */

/* Begin XCBuildConfiguration section */
		36393A302009324D00C95347 /* Debug */ = {
			isa = XCBuildConfiguration;
			baseConfigurationReference = 363CC8D9214ADF81000654A5 /* Frameworks.xcconfig */;
			buildSettings = {
				ALWAYS_SEARCH_USER_PATHS = NO;
				CLANG_ANALYZER_NONNULL = YES;
				CLANG_ANALYZER_NUMBER_OBJECT_CONVERSION = YES_AGGRESSIVE;
				CLANG_CXX_LANGUAGE_STANDARD = "gnu++14";
				CLANG_CXX_LIBRARY = "libc++";
				CLANG_ENABLE_MODULES = YES;
				CLANG_ENABLE_OBJC_ARC = YES;
				CLANG_WARN_BLOCK_CAPTURE_AUTORELEASING = YES;
				CLANG_WARN_BOOL_CONVERSION = YES;
				CLANG_WARN_COMMA = YES;
				CLANG_WARN_CONSTANT_CONVERSION = YES;
				CLANG_WARN_DEPRECATED_OBJC_IMPLEMENTATIONS = YES;
				CLANG_WARN_DIRECT_OBJC_ISA_USAGE = YES_ERROR;
				CLANG_WARN_DOCUMENTATION_COMMENTS = YES;
				CLANG_WARN_EMPTY_BODY = YES;
				CLANG_WARN_ENUM_CONVERSION = YES;
				CLANG_WARN_INFINITE_RECURSION = YES;
				CLANG_WARN_INT_CONVERSION = YES;
				CLANG_WARN_NON_LITERAL_NULL_CONVERSION = YES;
				CLANG_WARN_OBJC_IMPLICIT_RETAIN_SELF = YES;
				CLANG_WARN_OBJC_LITERAL_CONVERSION = YES;
				CLANG_WARN_OBJC_ROOT_CLASS = YES_ERROR;
				CLANG_WARN_RANGE_LOOP_ANALYSIS = YES;
				CLANG_WARN_STRICT_PROTOTYPES = YES;
				CLANG_WARN_SUSPICIOUS_MOVE = YES;
				CLANG_WARN_UNGUARDED_AVAILABILITY = YES_AGGRESSIVE;
				CLANG_WARN_UNREACHABLE_CODE = YES;
				CLANG_WARN__DUPLICATE_METHOD_MATCH = YES;
				CODE_SIGN_IDENTITY = "iPhone Developer";
				COPY_PHASE_STRIP = NO;
				DEBUG_INFORMATION_FORMAT = dwarf;
				ENABLE_STRICT_OBJC_MSGSEND = YES;
				ENABLE_TESTABILITY = YES;
				GCC_C_LANGUAGE_STANDARD = gnu11;
				GCC_DYNAMIC_NO_PIC = NO;
				GCC_NO_COMMON_BLOCKS = YES;
				GCC_OPTIMIZATION_LEVEL = 0;
				GCC_PREPROCESSOR_DEFINITIONS = (
					"DEBUG=1",
					"$(inherited)",
				);
				GCC_WARN_64_TO_32_BIT_CONVERSION = YES;
				GCC_WARN_ABOUT_RETURN_TYPE = YES_ERROR;
				GCC_WARN_UNDECLARED_SELECTOR = YES;
				GCC_WARN_UNINITIALIZED_AUTOS = YES_AGGRESSIVE;
				GCC_WARN_UNUSED_FUNCTION = YES;
				GCC_WARN_UNUSED_VARIABLE = YES;
				IPHONEOS_DEPLOYMENT_TARGET = 11.2;
				MTL_ENABLE_DEBUG_INFO = YES;
				ONLY_ACTIVE_ARCH = YES;
				SDKROOT = iphoneos;
				SWIFT_ACTIVE_COMPILATION_CONDITIONS = DEBUG;
				SWIFT_OPTIMIZATION_LEVEL = "-Onone";
			};
			name = Debug;
		};
		36393A312009324D00C95347 /* Release */ = {
			isa = XCBuildConfiguration;
			baseConfigurationReference = 363CC8D9214ADF81000654A5 /* Frameworks.xcconfig */;
			buildSettings = {
				ALWAYS_SEARCH_USER_PATHS = NO;
				CLANG_ANALYZER_NONNULL = YES;
				CLANG_ANALYZER_NUMBER_OBJECT_CONVERSION = YES_AGGRESSIVE;
				CLANG_CXX_LANGUAGE_STANDARD = "gnu++14";
				CLANG_CXX_LIBRARY = "libc++";
				CLANG_ENABLE_MODULES = YES;
				CLANG_ENABLE_OBJC_ARC = YES;
				CLANG_WARN_BLOCK_CAPTURE_AUTORELEASING = YES;
				CLANG_WARN_BOOL_CONVERSION = YES;
				CLANG_WARN_COMMA = YES;
				CLANG_WARN_CONSTANT_CONVERSION = YES;
				CLANG_WARN_DEPRECATED_OBJC_IMPLEMENTATIONS = YES;
				CLANG_WARN_DIRECT_OBJC_ISA_USAGE = YES_ERROR;
				CLANG_WARN_DOCUMENTATION_COMMENTS = YES;
				CLANG_WARN_EMPTY_BODY = YES;
				CLANG_WARN_ENUM_CONVERSION = YES;
				CLANG_WARN_INFINITE_RECURSION = YES;
				CLANG_WARN_INT_CONVERSION = YES;
				CLANG_WARN_NON_LITERAL_NULL_CONVERSION = YES;
				CLANG_WARN_OBJC_IMPLICIT_RETAIN_SELF = YES;
				CLANG_WARN_OBJC_LITERAL_CONVERSION = YES;
				CLANG_WARN_OBJC_ROOT_CLASS = YES_ERROR;
				CLANG_WARN_RANGE_LOOP_ANALYSIS = YES;
				CLANG_WARN_STRICT_PROTOTYPES = YES;
				CLANG_WARN_SUSPICIOUS_MOVE = YES;
				CLANG_WARN_UNGUARDED_AVAILABILITY = YES_AGGRESSIVE;
				CLANG_WARN_UNREACHABLE_CODE = YES;
				CLANG_WARN__DUPLICATE_METHOD_MATCH = YES;
				CODE_SIGN_IDENTITY = "iPhone Developer";
				COPY_PHASE_STRIP = NO;
				DEBUG_INFORMATION_FORMAT = "dwarf-with-dsym";
				ENABLE_NS_ASSERTIONS = NO;
				ENABLE_STRICT_OBJC_MSGSEND = YES;
				GCC_C_LANGUAGE_STANDARD = gnu11;
				GCC_NO_COMMON_BLOCKS = YES;
				GCC_WARN_64_TO_32_BIT_CONVERSION = YES;
				GCC_WARN_ABOUT_RETURN_TYPE = YES_ERROR;
				GCC_WARN_UNDECLARED_SELECTOR = YES;
				GCC_WARN_UNINITIALIZED_AUTOS = YES_AGGRESSIVE;
				GCC_WARN_UNUSED_FUNCTION = YES;
				GCC_WARN_UNUSED_VARIABLE = YES;
				IPHONEOS_DEPLOYMENT_TARGET = 11.2;
				MTL_ENABLE_DEBUG_INFO = NO;
				SDKROOT = iphoneos;
				SWIFT_OPTIMIZATION_LEVEL = "-Owholemodule";
				VALIDATE_PRODUCT = YES;
			};
			name = Release;
		};
		36393A332009324D00C95347 /* Debug */ = {
			isa = XCBuildConfiguration;
			buildSettings = {
				ASSETCATALOG_COMPILER_APPICON_NAME = AppIcon;
				CODE_SIGN_STYLE = Automatic;
				FRAMEWORK_SEARCH_PATHS = (
					"$(inherited)",
					"$(PROJECT_DIR)/Carthage/Build/iOS",
				);
				INFOPLIST_FILE = Memorize/Info.plist;
				IPHONEOS_DEPLOYMENT_TARGET = 11.0;
				LD_RUNPATH_SEARCH_PATHS = "$(inherited) @executable_path/Frameworks";
				PRODUCT_BUNDLE_IDENTIFIER = Mine.Memorize;
				PRODUCT_NAME = "$(TARGET_NAME)";
				SWIFT_VERSION = 4.0;
				TARGETED_DEVICE_FAMILY = "1,2";
			};
			name = Debug;
		};
		36393A342009324D00C95347 /* Release */ = {
			isa = XCBuildConfiguration;
			buildSettings = {
				ASSETCATALOG_COMPILER_APPICON_NAME = AppIcon;
				CODE_SIGN_STYLE = Automatic;
				FRAMEWORK_SEARCH_PATHS = (
					"$(inherited)",
					"$(PROJECT_DIR)/Carthage/Build/iOS",
				);
				INFOPLIST_FILE = Memorize/Info.plist;
				IPHONEOS_DEPLOYMENT_TARGET = 11.0;
				LD_RUNPATH_SEARCH_PATHS = "$(inherited) @executable_path/Frameworks";
				PRODUCT_BUNDLE_IDENTIFIER = Mine.Memorize;
				PRODUCT_NAME = "$(TARGET_NAME)";
				SWIFT_VERSION = 4.0;
				TARGETED_DEVICE_FAMILY = "1,2";
			};
			name = Release;
		};
		36393A362009324D00C95347 /* Debug */ = {
			isa = XCBuildConfiguration;
			buildSettings = {
				ALWAYS_EMBED_SWIFT_STANDARD_LIBRARIES = YES;
				BUNDLE_LOADER = "$(TEST_HOST)";
				CODE_SIGN_STYLE = Automatic;
				INFOPLIST_FILE = MemorizeTests/Info.plist;
				LD_RUNPATH_SEARCH_PATHS = "$(inherited) @executable_path/Frameworks @loader_path/Frameworks";
				PRODUCT_BUNDLE_IDENTIFIER = Mine.MemorizeTests;
				PRODUCT_NAME = "$(TARGET_NAME)";
				SWIFT_VERSION = 4.0;
				TARGETED_DEVICE_FAMILY = "1,2";
				TEST_HOST = "$(BUILT_PRODUCTS_DIR)/Memorize.app/Memorize";
			};
			name = Debug;
		};
		36393A372009324D00C95347 /* Release */ = {
			isa = XCBuildConfiguration;
			buildSettings = {
				ALWAYS_EMBED_SWIFT_STANDARD_LIBRARIES = YES;
				BUNDLE_LOADER = "$(TEST_HOST)";
				CODE_SIGN_STYLE = Automatic;
				INFOPLIST_FILE = MemorizeTests/Info.plist;
				LD_RUNPATH_SEARCH_PATHS = "$(inherited) @executable_path/Frameworks @loader_path/Frameworks";
				PRODUCT_BUNDLE_IDENTIFIER = Mine.MemorizeTests;
				PRODUCT_NAME = "$(TARGET_NAME)";
				SWIFT_VERSION = 4.0;
				TARGETED_DEVICE_FAMILY = "1,2";
				TEST_HOST = "$(BUILT_PRODUCTS_DIR)/Memorize.app/Memorize";
			};
			name = Release;
		};
		36393A392009324D00C95347 /* Debug */ = {
			isa = XCBuildConfiguration;
			buildSettings = {
				ALWAYS_EMBED_SWIFT_STANDARD_LIBRARIES = YES;
				CODE_SIGN_STYLE = Automatic;
				INFOPLIST_FILE = MemorizeUITests/Info.plist;
				LD_RUNPATH_SEARCH_PATHS = "$(inherited) @executable_path/Frameworks @loader_path/Frameworks";
				PRODUCT_BUNDLE_IDENTIFIER = Mine.MemorizeUITests;
				PRODUCT_NAME = "$(TARGET_NAME)";
				SWIFT_VERSION = 4.0;
				TARGETED_DEVICE_FAMILY = "1,2";
				TEST_TARGET_NAME = Memorize;
			};
			name = Debug;
		};
		36393A3A2009324D00C95347 /* Release */ = {
			isa = XCBuildConfiguration;
			buildSettings = {
				ALWAYS_EMBED_SWIFT_STANDARD_LIBRARIES = YES;
				CODE_SIGN_STYLE = Automatic;
				INFOPLIST_FILE = MemorizeUITests/Info.plist;
				LD_RUNPATH_SEARCH_PATHS = "$(inherited) @executable_path/Frameworks @loader_path/Frameworks";
				PRODUCT_BUNDLE_IDENTIFIER = Mine.MemorizeUITests;
				PRODUCT_NAME = "$(TARGET_NAME)";
				SWIFT_VERSION = 4.0;
				TARGETED_DEVICE_FAMILY = "1,2";
				TEST_TARGET_NAME = Memorize;
			};
			name = Release;
		};
/* End XCBuildConfiguration section */

/* Begin XCConfigurationList section */
		36393A052009324C00C95347 /* Build configuration list for PBXProject "Memorize" */ = {
			isa = XCConfigurationList;
			buildConfigurations = (
				36393A302009324D00C95347 /* Debug */,
				36393A312009324D00C95347 /* Release */,
			);
			defaultConfigurationIsVisible = 0;
			defaultConfigurationName = Release;
		};
		36393A322009324D00C95347 /* Build configuration list for PBXNativeTarget "Memorize" */ = {
			isa = XCConfigurationList;
			buildConfigurations = (
				36393A332009324D00C95347 /* Debug */,
				36393A342009324D00C95347 /* Release */,
			);
			defaultConfigurationIsVisible = 0;
			defaultConfigurationName = Release;
		};
		36393A352009324D00C95347 /* Build configuration list for PBXNativeTarget "MemorizeTests" */ = {
			isa = XCConfigurationList;
			buildConfigurations = (
				36393A362009324D00C95347 /* Debug */,
				36393A372009324D00C95347 /* Release */,
			);
			defaultConfigurationIsVisible = 0;
			defaultConfigurationName = Release;
		};
		36393A382009324D00C95347 /* Build configuration list for PBXNativeTarget "MemorizeUITests" */ = {
			isa = XCConfigurationList;
			buildConfigurations = (
				36393A392009324D00C95347 /* Debug */,
				36393A3A2009324D00C95347 /* Release */,
			);
			defaultConfigurationIsVisible = 0;
			defaultConfigurationName = Release;
		};
/* End XCConfigurationList section */
	};
	rootObject = 36393A022009324C00C95347 /* Project object */;
}
